
Microsoft Visual Studio Solution File, Format Version 12.00
# Visual Studio Version 17
VisualStudioVersion = 17.9.34607.119
MinimumVisualStudioVersion = 10.0.40219.1
Project("{9A19103F-16F7-4668-BE54-9A1E7A4F7556}") = "Laba12-2", "Laba12-2.csproj", "{D44507FB-6854-4014-B419-A8133B601E77}"
EndProject
Project("{FAE04EC0-301F-11D3-BF4B-00C04F79EFBC}") = "TestProjectLaba12-2", "..\TestProjectLaba12-2\TestProjectLaba12-2.csproj", "{2D1DE5F4-0DCC-400D-9038-53E03A73E87F}"
EndProject
Global
	GlobalSection(SolutionConfigurationPlatforms) = preSolution
		Debug|Any CPU = Debug|Any CPU
		Release|Any CPU = Release|Any CPU
	EndGlobalSection
	GlobalSection(ProjectConfigurationPlatforms) = postSolution
		{D44507FB-6854-4014-B419-A8133B601E77}.Debug|Any CPU.ActiveCfg = Debug|Any CPU
		{D44507FB-6854-4014-B419-A8133B601E77}.Debug|Any CPU.Build.0 = Debug|Any CPU
		{D44507FB-6854-4014-B419-A8133B601E77}.Release|Any CPU.ActiveCfg = Release|Any CPU
		{D44507FB-6854-4014-B419-A8133B601E77}.Release|Any CPU.Build.0 = Release|Any CPU
		{2D1DE5F4-0DCC-400D-9038-53E03A73E87F}.Debug|Any CPU.ActiveCfg = Debug|Any CPU
		{2D1DE5F4-0DCC-400D-9038-53E03A73E87F}.Debug|Any CPU.Build.0 = Debug|Any CPU
		{2D1DE5F4-0DCC-400D-9038-53E03A73E87F}.Release|Any CPU.ActiveCfg = Release|Any CPU
		{2D1DE5F4-0DCC-400D-9038-53E03A73E87F}.Release|Any CPU.Build.0 = Release|Any CPU
	EndGlobalSection
	GlobalSection(SolutionProperties) = preSolution
		HideSolutionNode = FALSE
	EndGlobalSection
	GlobalSection(ExtensibilityGlobals) = postSolution
		SolutionGuid = {7E012B11-D754-427A-A21F-31ACC8082F36}
	EndGlobalSection
EndGlobal
